// !$*UTF8*$!
{
	archiveVersion = 1;
	classes = {
	};
	objectVersion = 46;
	objects = {
/* Begin PBXBuildFile section */
		0207DA581B56EA530066E2B4 /* Images.xcassets in Resources */ = {isa = PBXBuildFile; fileRef = 0207DA571B56EA530066E2B4 /* Images.xcassets */; };
		1429CB061294470DA0E4416C /* Foundation.framework in Frameworks */ = {isa = PBXBuildFile; fileRef = C6CF543A52B9447BA9403344 /* Foundation.framework */; };
		1A3905CBD4F146E99ECACEBB /* CFNetwork.framework in Frameworks */ = {isa = PBXBuildFile; fileRef = 6A391DA353E04A2393E5A98E /* CFNetwork.framework */; };
		1B54C583676E4574ADF59928 /* GLKit.framework in Frameworks */ = {isa = PBXBuildFile; fileRef = A00BB12D16554A718102DCE0 /* GLKit.framework */; };
		1D3623260D0F684500981E51 /* AppDelegate.m in Sources */ = {isa = PBXBuildFile; fileRef = 1D3623250D0F684500981E51 /* AppDelegate.m */; };
		1D60589B0D05DD56006BFB54 /* main.m in Sources */ = {isa = PBXBuildFile; fileRef = 29B97316FDCFA39411CA2CEA /* main.m */; };
		25122AF5AE574729B0300633 /* EventKitUI.framework in Frameworks */ = {isa = PBXBuildFile; fileRef = 2656C13464D04D9A869090E1 /* EventKitUI.framework */; };
		2C53B5D28C484DCC94447808 /* SafariServices.framework in Frameworks */ = {isa = PBXBuildFile; fileRef = DC7D5A98B71A4146B431A11C /* SafariServices.framework */; };
		301BF552109A68D80062928A /* libCordova.a in Frameworks */ = {isa = PBXBuildFile; fileRef = 301BF535109A57CC0062928A /* libCordova.a */; };
		302D95F114D2391D003F00A1 /* MainViewController.m in Sources */ = {isa = PBXBuildFile; fileRef = 302D95EF14D2391D003F00A1 /* MainViewController.m */; };
		302D95F214D2391D003F00A1 /* MainViewController.xib in Resources */ = {isa = PBXBuildFile; fileRef = 302D95F014D2391D003F00A1 /* MainViewController.xib */; };
		487F83737D05431A8EB072F9 /* SystemConfiguration.framework in Frameworks */ = {isa = PBXBuildFile; fileRef = 869719B31F6A4E3691BB4358 /* SystemConfiguration.framework */; };
		4D5EECCA84B8484592BED14C /* UIKit.framework in Frameworks */ = {isa = PBXBuildFile; fileRef = 8ED6FC602D7F4D4DBF34326E /* UIKit.framework */; };
		608B75AD07A64557A996B854 /* AudioToolbox.framework in Frameworks */ = {isa = PBXBuildFile; fileRef = 83C1251788874AE396F7A570 /* AudioToolbox.framework */; };
		6922F1DCA3E443329078530A /* OpenGLES.framework in Frameworks */ = {isa = PBXBuildFile; fileRef = 84207D9DCE6A4784B8F472DC /* OpenGLES.framework */; };
		7E8FA50B1D58E61100465858 /* GoogleMobileAds.framework in Frameworks */ = {isa = PBXBuildFile; fileRef = 7E8FA50A1D58E61100465858 /* GoogleMobileAds.framework */; };
		825417F8532647B699813FBE /* StoreKit.framework in Frameworks */ = {isa = PBXBuildFile; fileRef = 9D7DFC986BC54CF8AF73CD77 /* StoreKit.framework */; };
		87681EE31C5F491598F3B549 /* CDVPluginExt.m in Sources */ = {isa = PBXBuildFile; fileRef = 70E01E6590FC4BC4AAC67696 /* CDVPluginExt.m */; };
		8F85796BC2B44E2B96716DD5 /* CoreMedia.framework in Frameworks */ = {isa = PBXBuildFile; fileRef = D767196DDB0C4CC78C8B1BFC /* CoreMedia.framework */; };
		93B7A686795C435383E51852 /* CoreBluetooth.framework in Frameworks */ = {isa = PBXBuildFile; fileRef = 414B6B0621CB45CF955E7B60 /* CoreBluetooth.framework */; };
		9993CA0FED624B8ABD1B2B0D /* CoreLocation.framework in Frameworks */ = {isa = PBXBuildFile; fileRef = B915E0B098BE49C7992097AA /* CoreLocation.framework */; };
		9CF6E6894A314E46B7EE3432 /* AdMobMediation.m in Sources */ = {isa = PBXBuildFile; fileRef = A40B92F616DB4526809BCD13 /* AdMobMediation.m */; };
		A894A0FD1293412A8ED9C9D5 /* AdSupport.framework in Frameworks */ = {isa = PBXBuildFile; fileRef = 22DFABDEACA4491AB32EDEEB /* AdSupport.framework */; };
		B2E3CF8DD51B49389E2D79A5 /* AVFoundation.framework in Frameworks */ = {isa = PBXBuildFile; fileRef = DAF4D82C6394405894347481 /* AVFoundation.framework */; };
		B354898E3BF64E11B297F8B9 /* QuartzCore.framework in Frameworks */ = {isa = PBXBuildFile; fileRef = F62637855A12426CA4CE297C /* QuartzCore.framework */; };
		B6DE545371FA431F91ABC480 /* libCordovaGenericAd.a in Frameworks */ = {isa = PBXBuildFile; fileRef = B3CFF2E01F86456D87ED9349 /* libCordovaGenericAd.a */; };
		BBBEBD1F469E49A2B47B042D /* CoreMotion.framework in Frameworks */ = {isa = PBXBuildFile; fileRef = 42D59132D63643F38D3D0275 /* CoreMotion.framework */; };
		D158991145894A9EBCBACD95 /* EventKit.framework in Frameworks */ = {isa = PBXBuildFile; fileRef = 02633DD607054B83BEDC819A /* EventKit.framework */; };
		D299CEED33644BF285E380C4 /* CoreTelephony.framework in Frameworks */ = {isa = PBXBuildFile; fileRef = 7E28102CD0B2450FAE18AD0B /* CoreTelephony.framework */; };
		FA6CE18DDCCA4FD195C9293E /* CDVAdMobPlugin.m in Sources */ = {isa = PBXBuildFile; fileRef = 76BFF18FC1F34E70B01CFE25 /* CDVAdMobPlugin.m */; };
		FAF870B3D64147DFB7183A47 /* MediaPlayer.framework in Frameworks */ = {isa = PBXBuildFile; fileRef = 0FFAB101EF484A42B4CDF2AB /* MediaPlayer.framework */; };
		FBEE61D666BC43B2BC85418F /* MessageUI.framework in Frameworks */ = {isa = PBXBuildFile; fileRef = C565F386193C45528343A5F9 /* MessageUI.framework */; };
		FC2F1FA2884E40EDB56A01FB /* CoreVideo.framework in Frameworks */ = {isa = PBXBuildFile; fileRef = 2256652473B747D0B1114CC7 /* CoreVideo.framework */; };
		CF3F7B12D6324BC7908459CC /* CDVFile.m in Sources */ = {isa = PBXBuildFile; fileRef = DEBD781A95514A079526029F /* CDVFile.m */; };
		58A283D20C3E4051BF0028D0 /* CDVLocalFilesystem.m in Sources */ = {isa = PBXBuildFile; fileRef = 985E59DDF0E64061B52C6D87 /* CDVLocalFilesystem.m */; };
		2DF3B4C5030744A9B855E574 /* CDVAssetLibraryFilesystem.m in Sources */ = {isa = PBXBuildFile; fileRef = 54E3783099EC4E2A8AA61BDA /* CDVAssetLibraryFilesystem.m */; };
/* End PBXBuildFile section */

/* Begin PBXContainerItemProxy section */
		301BF534109A57CC0062928A /* PBXContainerItemProxy */ = {
			isa = PBXContainerItemProxy;
			containerPortal = 301BF52D109A57CC0062928A /* CordovaLib.xcodeproj */;
			proxyType = 2;
			remoteGlobalIDString = D2AAC07E0554694100DB518D;
			remoteInfo = CordovaLib;
		};
		301BF550109A68C00062928A /* PBXContainerItemProxy */ = {
			isa = PBXContainerItemProxy;
			containerPortal = 301BF52D109A57CC0062928A /* CordovaLib.xcodeproj */;
			proxyType = 1;
			remoteGlobalIDString = D2AAC07D0554694100DB518D;
			remoteInfo = CordovaLib;
		};
/* End PBXContainerItemProxy section */

/* Begin PBXFileReference section */
		0207DA571B56EA530066E2B4 /* Images.xcassets */ = {isa = PBXFileReference; lastKnownFileType = folder.assetcatalog; name = Images.xcassets; path = A1Grm/Images.xcassets; sourceTree = SOURCE_ROOT; };
		02633DD607054B83BEDC819A /* EventKit.framework */ = {isa = PBXFileReference; explicitFileType = undefined; fileEncoding = 9; includeInIndex = 0; lastKnownFileType = wrapper.framework; name = EventKit.framework; path = System/Library/Frameworks/EventKit.framework; sourceTree = SDKROOT; };
		0777732BC5FE4398846736AB /* GenericAdPlugin.h */ = {isa = PBXFileReference; explicitFileType = undefined; fileEncoding = 4; includeInIndex = 0; lastKnownFileType = sourcecode.c.h; name = GenericAdPlugin.h; path = "cordova-plugin-extension/GenericAdPlugin.h"; sourceTree = "<group>"; };
		0FFAB101EF484A42B4CDF2AB /* MediaPlayer.framework */ = {isa = PBXFileReference; explicitFileType = undefined; fileEncoding = 9; includeInIndex = 0; lastKnownFileType = wrapper.framework; name = MediaPlayer.framework; path = System/Library/Frameworks/MediaPlayer.framework; sourceTree = SDKROOT; };
		1D3623240D0F684500981E51 /* AppDelegate.h */ = {isa = PBXFileReference; fileEncoding = 4; lastKnownFileType = sourcecode.c.h; path = AppDelegate.h; sourceTree = "<group>"; };
		1D3623250D0F684500981E51 /* AppDelegate.m */ = {isa = PBXFileReference; fileEncoding = 4; lastKnownFileType = sourcecode.c.objc; path = AppDelegate.m; sourceTree = "<group>"; };
		1D6058910D05DD3D006BFB54 /* A1Grm.app */ = {isa = PBXFileReference; explicitFileType = wrapper.application; includeInIndex = 0; path = A1Grm.app; sourceTree = BUILT_PRODUCTS_DIR; };
		2256652473B747D0B1114CC7 /* CoreVideo.framework */ = {isa = PBXFileReference; explicitFileType = undefined; fileEncoding = 9; includeInIndex = 0; lastKnownFileType = wrapper.framework; name = CoreVideo.framework; path = System/Library/Frameworks/CoreVideo.framework; sourceTree = SDKROOT; };
		22DFABDEACA4491AB32EDEEB /* AdSupport.framework */ = {isa = PBXFileReference; explicitFileType = undefined; fileEncoding = 9; includeInIndex = 0; lastKnownFileType = wrapper.framework; name = AdSupport.framework; path = System/Library/Frameworks/AdSupport.framework; sourceTree = SDKROOT; };
		2656C13464D04D9A869090E1 /* EventKitUI.framework */ = {isa = PBXFileReference; explicitFileType = undefined; fileEncoding = 9; includeInIndex = 0; lastKnownFileType = wrapper.framework; name = EventKitUI.framework; path = System/Library/Frameworks/EventKitUI.framework; sourceTree = SDKROOT; };
		29B97316FDCFA39411CA2CEA /* main.m */ = {isa = PBXFileReference; fileEncoding = 4; lastKnownFileType = sourcecode.c.objc; path = main.m; sourceTree = "<group>"; };
		301BF52D109A57CC0062928A /* CordovaLib.xcodeproj */ = {isa = PBXFileReference; lastKnownFileType = "wrapper.pb-project"; name = CordovaLib.xcodeproj; path = CordovaLib/CordovaLib.xcodeproj; sourceTree = "<group>"; };
		301BF56E109A69640062928A /* www */ = {isa = PBXFileReference; lastKnownFileType = folder; path = www; sourceTree = SOURCE_ROOT; };
		302D95EE14D2391D003F00A1 /* MainViewController.h */ = {isa = PBXFileReference; fileEncoding = 4; lastKnownFileType = sourcecode.c.h; path = MainViewController.h; sourceTree = "<group>"; };
		302D95EF14D2391D003F00A1 /* MainViewController.m */ = {isa = PBXFileReference; fileEncoding = 4; lastKnownFileType = sourcecode.c.objc; path = MainViewController.m; sourceTree = "<group>"; };
		302D95F014D2391D003F00A1 /* MainViewController.xib */ = {isa = PBXFileReference; fileEncoding = 4; lastKnownFileType = file.xib; path = MainViewController.xib; sourceTree = "<group>"; };
		3047A50F1AB8059700498E2A /* build-debug.xcconfig */ = {isa = PBXFileReference; fileEncoding = 4; lastKnownFileType = text.xcconfig; name = "build-debug.xcconfig"; path = "cordova/build-debug.xcconfig"; sourceTree = SOURCE_ROOT; };
		3047A5101AB8059700498E2A /* build-release.xcconfig */ = {isa = PBXFileReference; fileEncoding = 4; lastKnownFileType = text.xcconfig; name = "build-release.xcconfig"; path = "cordova/build-release.xcconfig"; sourceTree = SOURCE_ROOT; };
		3047A5111AB8059700498E2A /* build.xcconfig */ = {isa = PBXFileReference; fileEncoding = 4; lastKnownFileType = text.xcconfig; name = build.xcconfig; path = cordova/build.xcconfig; sourceTree = SOURCE_ROOT; };
		32CA4F630368D1EE00C91783 /* A1Grm-Prefix.pch */ = {isa = PBXFileReference; fileEncoding = 4; lastKnownFileType = sourcecode.c.h; path = "A1Grm-Prefix.pch"; sourceTree = "<group>"; };
		414B6B0621CB45CF955E7B60 /* CoreBluetooth.framework */ = {isa = PBXFileReference; explicitFileType = undefined; fileEncoding = 9; includeInIndex = 0; lastKnownFileType = wrapper.framework; name = CoreBluetooth.framework; path = System/Library/Frameworks/CoreBluetooth.framework; sourceTree = SDKROOT; };
		42D59132D63643F38D3D0275 /* CoreMotion.framework */ = {isa = PBXFileReference; explicitFileType = undefined; fileEncoding = 9; includeInIndex = 0; lastKnownFileType = wrapper.framework; name = CoreMotion.framework; path = System/Library/Frameworks/CoreMotion.framework; sourceTree = SDKROOT; };
		4C46A91A98E74EDB967E74D6 /* CDVPluginExt.h */ = {isa = PBXFileReference; explicitFileType = undefined; fileEncoding = 4; includeInIndex = 0; lastKnownFileType = sourcecode.c.h; name = CDVPluginExt.h; path = "cordova-plugin-extension/CDVPluginExt.h"; sourceTree = "<group>"; };
		6A391DA353E04A2393E5A98E /* CFNetwork.framework */ = {isa = PBXFileReference; explicitFileType = undefined; fileEncoding = 9; includeInIndex = 0; lastKnownFileType = wrapper.framework; name = CFNetwork.framework; path = System/Library/Frameworks/CFNetwork.framework; sourceTree = SDKROOT; };
		70E01E6590FC4BC4AAC67696 /* CDVPluginExt.m */ = {isa = PBXFileReference; explicitFileType = undefined; fileEncoding = 4; includeInIndex = 0; lastKnownFileType = sourcecode.c.objc; name = CDVPluginExt.m; path = "cordova-plugin-extension/CDVPluginExt.m"; sourceTree = "<group>"; };
		76BFF18FC1F34E70B01CFE25 /* CDVAdMobPlugin.m */ = {isa = PBXFileReference; explicitFileType = undefined; fileEncoding = 4; includeInIndex = 0; lastKnownFileType = sourcecode.c.objc; name = CDVAdMobPlugin.m; path = "cordova-plugin-admobpro/CDVAdMobPlugin.m"; sourceTree = "<group>"; };
		7B4F3B0D7AFD4BE5AACF8EA1 /* PluginAdapterDelegate.h */ = {isa = PBXFileReference; explicitFileType = undefined; fileEncoding = 4; includeInIndex = 0; lastKnownFileType = sourcecode.c.h; name = PluginAdapterDelegate.h; path = "cordova-plugin-extension/PluginAdapterDelegate.h"; sourceTree = "<group>"; };
		7E28102CD0B2450FAE18AD0B /* CoreTelephony.framework */ = {isa = PBXFileReference; explicitFileType = undefined; fileEncoding = 9; includeInIndex = 0; lastKnownFileType = wrapper.framework; name = CoreTelephony.framework; path = System/Library/Frameworks/CoreTelephony.framework; sourceTree = SDKROOT; };
		7E8FA50A1D58E61100465858 /* GoogleMobileAds.framework */ = {isa = PBXFileReference; lastKnownFileType = wrapper.framework; path = GoogleMobileAds.framework; sourceTree = "<group>"; };
		83C1251788874AE396F7A570 /* AudioToolbox.framework */ = {isa = PBXFileReference; explicitFileType = undefined; fileEncoding = 9; includeInIndex = 0; lastKnownFileType = wrapper.framework; name = AudioToolbox.framework; path = System/Library/Frameworks/AudioToolbox.framework; sourceTree = SDKROOT; };
		84207D9DCE6A4784B8F472DC /* OpenGLES.framework */ = {isa = PBXFileReference; explicitFileType = undefined; fileEncoding = 9; includeInIndex = 0; lastKnownFileType = wrapper.framework; name = OpenGLES.framework; path = System/Library/Frameworks/OpenGLES.framework; sourceTree = SDKROOT; };
		869719B31F6A4E3691BB4358 /* SystemConfiguration.framework */ = {isa = PBXFileReference; explicitFileType = undefined; fileEncoding = 9; includeInIndex = 0; lastKnownFileType = wrapper.framework; name = SystemConfiguration.framework; path = System/Library/Frameworks/SystemConfiguration.framework; sourceTree = SDKROOT; };
		8D1107310486CEB800E47090 /* A1Grm-Info.plist */ = {isa = PBXFileReference; fileEncoding = 4; lastKnownFileType = text.plist.xml; name = "A1Grm-Info.plist"; path = "A1Grm/A1Grm-Info.plist"; plistStructureDefinitionIdentifier = "com.apple.xcode.plist.structure-definition.iphone.info-plist"; sourceTree = SOURCE_ROOT; };
		8ED6FC602D7F4D4DBF34326E /* UIKit.framework */ = {isa = PBXFileReference; explicitFileType = undefined; fileEncoding = 9; includeInIndex = 0; lastKnownFileType = wrapper.framework; name = UIKit.framework; path = System/Library/Frameworks/UIKit.framework; sourceTree = SDKROOT; };
		9D7DFC986BC54CF8AF73CD77 /* StoreKit.framework */ = {isa = PBXFileReference; explicitFileType = undefined; fileEncoding = 9; includeInIndex = 0; lastKnownFileType = wrapper.framework; name = StoreKit.framework; path = System/Library/Frameworks/StoreKit.framework; sourceTree = SDKROOT; };
		A00BB12D16554A718102DCE0 /* GLKit.framework */ = {isa = PBXFileReference; explicitFileType = undefined; fileEncoding = 9; includeInIndex = 0; lastKnownFileType = wrapper.framework; name = GLKit.framework; path = System/Library/Frameworks/GLKit.framework; sourceTree = SDKROOT; };
		A40B92F616DB4526809BCD13 /* AdMobMediation.m */ = {isa = PBXFileReference; explicitFileType = undefined; fileEncoding = 4; includeInIndex = 0; lastKnownFileType = sourcecode.c.objc; name = AdMobMediation.m; path = "cordova-plugin-admobpro/AdMobMediation.m"; sourceTree = "<group>"; };
		B284E8DDA9F24CF0A40687F4 /* CDVAdMobPlugin.h */ = {isa = PBXFileReference; explicitFileType = undefined; fileEncoding = 4; includeInIndex = 0; lastKnownFileType = sourcecode.c.h; name = CDVAdMobPlugin.h; path = "cordova-plugin-admobpro/CDVAdMobPlugin.h"; sourceTree = "<group>"; };
		B3CFF2E01F86456D87ED9349 /* libCordovaGenericAd.a */ = {isa = PBXFileReference; explicitFileType = undefined; fileEncoding = 9; includeInIndex = 0; lastKnownFileType = archive.ar; name = libCordovaGenericAd.a; path = "A1Grm/Plugins/cordova-plugin-extension/libCordovaGenericAd.a"; sourceTree = "<group>"; };
		B915E0B098BE49C7992097AA /* CoreLocation.framework */ = {isa = PBXFileReference; explicitFileType = undefined; fileEncoding = 9; includeInIndex = 0; lastKnownFileType = wrapper.framework; name = CoreLocation.framework; path = System/Library/Frameworks/CoreLocation.framework; sourceTree = SDKROOT; };
		C565F386193C45528343A5F9 /* MessageUI.framework */ = {isa = PBXFileReference; explicitFileType = undefined; fileEncoding = 9; includeInIndex = 0; lastKnownFileType = wrapper.framework; name = MessageUI.framework; path = System/Library/Frameworks/MessageUI.framework; sourceTree = SDKROOT; };
		C6CF543A52B9447BA9403344 /* Foundation.framework */ = {isa = PBXFileReference; explicitFileType = undefined; fileEncoding = 9; includeInIndex = 0; lastKnownFileType = wrapper.framework; name = Foundation.framework; path = System/Library/Frameworks/Foundation.framework; sourceTree = SDKROOT; };
		D767196DDB0C4CC78C8B1BFC /* CoreMedia.framework */ = {isa = PBXFileReference; explicitFileType = undefined; fileEncoding = 9; includeInIndex = 0; lastKnownFileType = wrapper.framework; name = CoreMedia.framework; path = System/Library/Frameworks/CoreMedia.framework; sourceTree = SDKROOT; };
		DAF4D82C6394405894347481 /* AVFoundation.framework */ = {isa = PBXFileReference; explicitFileType = undefined; fileEncoding = 9; includeInIndex = 0; lastKnownFileType = wrapper.framework; name = AVFoundation.framework; path = System/Library/Frameworks/AVFoundation.framework; sourceTree = SDKROOT; };
		DC7D5A98B71A4146B431A11C /* SafariServices.framework */ = {isa = PBXFileReference; explicitFileType = undefined; fileEncoding = 9; includeInIndex = 0; lastKnownFileType = wrapper.framework; name = SafariServices.framework; path = System/Library/Frameworks/SafariServices.framework; sourceTree = SDKROOT; };
		E14AFB85075D4C32B30A6765 /* GoogleMobileAds.framework */ = {isa = PBXFileReference; explicitFileType = undefined; fileEncoding = 9; includeInIndex = 0; lastKnownFileType = wrapper.framework; name = GoogleMobileAds.framework; path = "A1Grm/Plugins/cordova-admobsdk/GoogleMobileAds.framework"; sourceTree = "<group>"; };
		EB87FDF31871DA8E0020F90C /* www */ = {isa = PBXFileReference; lastKnownFileType = folder; name = www; path = ../../www; sourceTree = "<group>"; };
		EB87FDF41871DAF40020F90C /* config.xml */ = {isa = PBXFileReference; lastKnownFileType = text.xml; name = config.xml; path = ../../config.xml; sourceTree = "<group>"; };
		ED33DF2A687741AEAF9F8254 /* Bridging-Header.h */ = {isa = PBXFileReference; fileEncoding = 4; lastKnownFileType = sourcecode.c.h; path = "Bridging-Header.h"; sourceTree = "<group>"; };
		F62637855A12426CA4CE297C /* QuartzCore.framework */ = {isa = PBXFileReference; explicitFileType = undefined; fileEncoding = 9; includeInIndex = 0; lastKnownFileType = wrapper.framework; name = QuartzCore.framework; path = System/Library/Frameworks/QuartzCore.framework; sourceTree = SDKROOT; };
		F840E1F0165FE0F500CFE078 /* config.xml */ = {isa = PBXFileReference; lastKnownFileType = text.xml; name = config.xml; path = A1Grm/config.xml; sourceTree = "<group>"; };
		FDD9D177840045A8800DD8A2 /* AdMobMediation.h */ = {isa = PBXFileReference; explicitFileType = undefined; fileEncoding = 4; includeInIndex = 0; lastKnownFileType = sourcecode.c.h; name = AdMobMediation.h; path = "cordova-plugin-admobpro/AdMobMediation.h"; sourceTree = "<group>"; };
		DEBD781A95514A079526029F /* CDVFile.m */ = {isa = PBXFileReference; name = "CDVFile.m"; path = "cordova-plugin-file/CDVFile.m"; sourceTree = "<group>"; fileEncoding = 4; lastKnownFileType = sourcecode.c.objc; explicitFileType = undefined; includeInIndex = 0; };
		985E59DDF0E64061B52C6D87 /* CDVLocalFilesystem.m */ = {isa = PBXFileReference; name = "CDVLocalFilesystem.m"; path = "cordova-plugin-file/CDVLocalFilesystem.m"; sourceTree = "<group>"; fileEncoding = 4; lastKnownFileType = sourcecode.c.objc; explicitFileType = undefined; includeInIndex = 0; };
		54E3783099EC4E2A8AA61BDA /* CDVAssetLibraryFilesystem.m */ = {isa = PBXFileReference; name = "CDVAssetLibraryFilesystem.m"; path = "cordova-plugin-file/CDVAssetLibraryFilesystem.m"; sourceTree = "<group>"; fileEncoding = 4; lastKnownFileType = sourcecode.c.objc; explicitFileType = undefined; includeInIndex = 0; };
		4FAA23EAFC7F485D871A8C64 /* CDVFile.h */ = {isa = PBXFileReference; name = "CDVFile.h"; path = "cordova-plugin-file/CDVFile.h"; sourceTree = "<group>"; fileEncoding = 4; lastKnownFileType = sourcecode.c.h; explicitFileType = undefined; includeInIndex = 0; };
		65AFA578A1B9401B96B64AA3 /* CDVLocalFilesystem.h */ = {isa = PBXFileReference; name = "CDVLocalFilesystem.h"; path = "cordova-plugin-file/CDVLocalFilesystem.h"; sourceTree = "<group>"; fileEncoding = 4; lastKnownFileType = sourcecode.c.h; explicitFileType = undefined; includeInIndex = 0; };
		A704F3C6D24D4247AF08F5FB /* CDVAssetLibraryFilesystem.h */ = {isa = PBXFileReference; name = "CDVAssetLibraryFilesystem.h"; path = "cordova-plugin-file/CDVAssetLibraryFilesystem.h"; sourceTree = "<group>"; fileEncoding = 4; lastKnownFileType = sourcecode.c.h; explicitFileType = undefined; includeInIndex = 0; };
/* End PBXFileReference section */

/* Begin PBXFrameworksBuildPhase section */
		1D60588F0D05DD3D006BFB54 /* Frameworks */ = {
			isa = PBXFrameworksBuildPhase;
			buildActionMask = 2147483647;
			files = (
				301BF552109A68D80062928A /* libCordova.a in Frameworks */,
				A894A0FD1293412A8ED9C9D5 /* AdSupport.framework in Frameworks */,
				608B75AD07A64557A996B854 /* AudioToolbox.framework in Frameworks */,
				B2E3CF8DD51B49389E2D79A5 /* AVFoundation.framework in Frameworks */,
				93B7A686795C435383E51852 /* CoreBluetooth.framework in Frameworks */,
				9993CA0FED624B8ABD1B2B0D /* CoreLocation.framework in Frameworks */,
				8F85796BC2B44E2B96716DD5 /* CoreMedia.framework in Frameworks */,
				BBBEBD1F469E49A2B47B042D /* CoreMotion.framework in Frameworks */,
				D299CEED33644BF285E380C4 /* CoreTelephony.framework in Frameworks */,
				FC2F1FA2884E40EDB56A01FB /* CoreVideo.framework in Frameworks */,
				D158991145894A9EBCBACD95 /* EventKit.framework in Frameworks */,
				25122AF5AE574729B0300633 /* EventKitUI.framework in Frameworks */,
				1429CB061294470DA0E4416C /* Foundation.framework in Frameworks */,
				1B54C583676E4574ADF59928 /* GLKit.framework in Frameworks */,
				FAF870B3D64147DFB7183A47 /* MediaPlayer.framework in Frameworks */,
				FBEE61D666BC43B2BC85418F /* MessageUI.framework in Frameworks */,
				6922F1DCA3E443329078530A /* OpenGLES.framework in Frameworks */,
				B354898E3BF64E11B297F8B9 /* QuartzCore.framework in Frameworks */,
				2C53B5D28C484DCC94447808 /* SafariServices.framework in Frameworks */,
				825417F8532647B699813FBE /* StoreKit.framework in Frameworks */,
				487F83737D05431A8EB072F9 /* SystemConfiguration.framework in Frameworks */,
				4D5EECCA84B8484592BED14C /* UIKit.framework in Frameworks */,
				7E8FA50B1D58E61100465858 /* GoogleMobileAds.framework in Frameworks */,
				B6DE545371FA431F91ABC480 /* libCordovaGenericAd.a in Frameworks */,
				1A3905CBD4F146E99ECACEBB /* CFNetwork.framework in Frameworks */,
			);
			runOnlyForDeploymentPostprocessing = 0;
		};
/* End PBXFrameworksBuildPhase section */

/* Begin PBXGroup section */
		080E96DDFE201D6D7F000001 /* Classes */ = {
			isa = PBXGroup;
			children = (
				302D95EE14D2391D003F00A1 /* MainViewController.h */,
				302D95EF14D2391D003F00A1 /* MainViewController.m */,
				302D95F014D2391D003F00A1 /* MainViewController.xib */,
				1D3623240D0F684500981E51 /* AppDelegate.h */,
				1D3623250D0F684500981E51 /* AppDelegate.m */,
			);
			name = Classes;
			path = A1Grm/Classes;
			sourceTree = SOURCE_ROOT;
		};
		19C28FACFE9D520D11CA2CBB /* Products */ = {
			isa = PBXGroup;
			children = (
				1D6058910D05DD3D006BFB54 /* A1Grm.app */,
			);
			name = Products;
			sourceTree = "<group>";
		};
		29B97314FDCFA39411CA2CEA /* CustomTemplate */ = {
			isa = PBXGroup;
			children = (
				7E8FA50A1D58E61100465858 /* GoogleMobileAds.framework */,
				EB87FDF41871DAF40020F90C /* config.xml */,
				EB87FDF31871DA8E0020F90C /* www */,
				EB87FDF11871DA420020F90C /* Staging */,
				301BF52D109A57CC0062928A /* CordovaLib.xcodeproj */,
				080E96DDFE201D6D7F000001 /* Classes */,
				307C750510C5A3420062BCA9 /* Plugins */,
				29B97315FDCFA39411CA2CEA /* Other Sources */,
				29B97317FDCFA39411CA2CEA /* Resources */,
				29B97323FDCFA39411CA2CEA /* Frameworks */,
				19C28FACFE9D520D11CA2CBB /* Products */,
			);
			name = CustomTemplate;
			sourceTree = "<group>";
		};
		29B97315FDCFA39411CA2CEA /* Other Sources */ = {
			isa = PBXGroup;
			children = (
				32CA4F630368D1EE00C91783 /* A1Grm-Prefix.pch */,
				29B97316FDCFA39411CA2CEA /* main.m */,
				ED33DF2A687741AEAF9F8254 /* Bridging-Header.h */,
			);
			name = "Other Sources";
			path = A1Grm;
			sourceTree = "<group>";
		};
		29B97317FDCFA39411CA2CEA /* Resources */ = {
			isa = PBXGroup;
			children = (
				0207DA571B56EA530066E2B4 /* Images.xcassets */,
				3047A50E1AB8057F00498E2A /* config */,
				8D1107310486CEB800E47090 /* A1Grm-Info.plist */,
			);
			name = Resources;
			path = A1Grm/Resources;
			sourceTree = "<group>";
		};
		29B97323FDCFA39411CA2CEA /* Frameworks */ = {
			isa = PBXGroup;
			children = (
				E14AFB85075D4C32B30A6765 /* GoogleMobileAds.framework */,
				22DFABDEACA4491AB32EDEEB /* AdSupport.framework */,
				83C1251788874AE396F7A570 /* AudioToolbox.framework */,
				DAF4D82C6394405894347481 /* AVFoundation.framework */,
				414B6B0621CB45CF955E7B60 /* CoreBluetooth.framework */,
				B915E0B098BE49C7992097AA /* CoreLocation.framework */,
				D767196DDB0C4CC78C8B1BFC /* CoreMedia.framework */,
				42D59132D63643F38D3D0275 /* CoreMotion.framework */,
				7E28102CD0B2450FAE18AD0B /* CoreTelephony.framework */,
				2256652473B747D0B1114CC7 /* CoreVideo.framework */,
				02633DD607054B83BEDC819A /* EventKit.framework */,
				2656C13464D04D9A869090E1 /* EventKitUI.framework */,
				C6CF543A52B9447BA9403344 /* Foundation.framework */,
				A00BB12D16554A718102DCE0 /* GLKit.framework */,
				0FFAB101EF484A42B4CDF2AB /* MediaPlayer.framework */,
				C565F386193C45528343A5F9 /* MessageUI.framework */,
				84207D9DCE6A4784B8F472DC /* OpenGLES.framework */,
				F62637855A12426CA4CE297C /* QuartzCore.framework */,
				DC7D5A98B71A4146B431A11C /* SafariServices.framework */,
				9D7DFC986BC54CF8AF73CD77 /* StoreKit.framework */,
				869719B31F6A4E3691BB4358 /* SystemConfiguration.framework */,
				8ED6FC602D7F4D4DBF34326E /* UIKit.framework */,
				B3CFF2E01F86456D87ED9349 /* libCordovaGenericAd.a */,
				6A391DA353E04A2393E5A98E /* CFNetwork.framework */,
			);
			name = Frameworks;
			sourceTree = "<group>";
		};
		301BF52E109A57CC0062928A /* Products */ = {
			isa = PBXGroup;
			children = (
				301BF535109A57CC0062928A /* libCordova.a */,
			);
			name = Products;
			sourceTree = "<group>";
		};
		3047A50E1AB8057F00498E2A /* config */ = {
			isa = PBXGroup;
			children = (
				3047A50F1AB8059700498E2A /* build-debug.xcconfig */,
				3047A5101AB8059700498E2A /* build-release.xcconfig */,
				3047A5111AB8059700498E2A /* build.xcconfig */,
			);
			name = config;
			sourceTree = "<group>";
		};
		307C750510C5A3420062BCA9 /* Plugins */ = {
			isa = PBXGroup;
			children = (
				70E01E6590FC4BC4AAC67696 /* CDVPluginExt.m */,
				7B4F3B0D7AFD4BE5AACF8EA1 /* PluginAdapterDelegate.h */,
				4C46A91A98E74EDB967E74D6 /* CDVPluginExt.h */,
				0777732BC5FE4398846736AB /* GenericAdPlugin.h */,
				76BFF18FC1F34E70B01CFE25 /* CDVAdMobPlugin.m */,
				A40B92F616DB4526809BCD13 /* AdMobMediation.m */,
				B284E8DDA9F24CF0A40687F4 /* CDVAdMobPlugin.h */,
				FDD9D177840045A8800DD8A2 /* AdMobMediation.h */,
				DEBD781A95514A079526029F /* CDVFile.m */,
				985E59DDF0E64061B52C6D87 /* CDVLocalFilesystem.m */,
				54E3783099EC4E2A8AA61BDA /* CDVAssetLibraryFilesystem.m */,
				4FAA23EAFC7F485D871A8C64 /* CDVFile.h */,
				65AFA578A1B9401B96B64AA3 /* CDVLocalFilesystem.h */,
				A704F3C6D24D4247AF08F5FB /* CDVAssetLibraryFilesystem.h */,
			);
			name = Plugins;
			path = A1Grm/Plugins;
			sourceTree = SOURCE_ROOT;
		};
		EB87FDF11871DA420020F90C /* Staging */ = {
			isa = PBXGroup;
			children = (
				F840E1F0165FE0F500CFE078 /* config.xml */,
				301BF56E109A69640062928A /* www */,
			);
			name = Staging;
			sourceTree = "<group>";
		};
/* End PBXGroup section */

/* Begin PBXNativeTarget section */
		1D6058900D05DD3D006BFB54 /* A1Grm */ = {
			isa = PBXNativeTarget;
			buildConfigurationList = 1D6058960D05DD3E006BFB54 /* Build configuration list for PBXNativeTarget "A1Grm" */;
			buildPhases = (
				304B58A110DAC018002A0835 /* Copy www directory */,
				1D60588D0D05DD3D006BFB54 /* Resources */,
				1D60588E0D05DD3D006BFB54 /* Sources */,
				1D60588F0D05DD3D006BFB54 /* Frameworks */,
			);
			buildRules = (
			);
			dependencies = (
				301BF551109A68C00062928A /* PBXTargetDependency */,
			);
			name = A1Grm;
			productName = A1Grm;
			productReference = 1D6058910D05DD3D006BFB54 /* A1Grm.app */;
			productType = "com.apple.product-type.application";
		};
/* End PBXNativeTarget section */

/* Begin PBXProject section */
		29B97313FDCFA39411CA2CEA /* Project object */ = {
			isa = PBXProject;
			attributes = {
				LastUpgradeCheck = 730;
				TargetAttributes = {
					1D6058900D05DD3D006BFB54 = {
						DevelopmentTeam = F83Z3WC3G5;
					};
				};
			};
			buildConfigurationList = C01FCF4E08A954540054247B /* Build configuration list for PBXProject "A1Grm" */;
			compatibilityVersion = "Xcode 3.2";
			developmentRegion = English;
			hasScannedForEncodings = 1;
			knownRegions = (
				en,
			);
			mainGroup = 29B97314FDCFA39411CA2CEA /* CustomTemplate */;
			projectDirPath = "";
			projectReferences = (
				{
					ProductGroup = 301BF52E109A57CC0062928A /* Products */;
					ProjectRef = 301BF52D109A57CC0062928A /* CordovaLib.xcodeproj */;
				},
			);
			projectRoot = "";
			targets = (
				1D6058900D05DD3D006BFB54 /* A1Grm */,
			);
		};
/* End PBXProject section */

/* Begin PBXReferenceProxy section */
		301BF535109A57CC0062928A /* libCordova.a */ = {
			isa = PBXReferenceProxy;
			fileType = archive.ar;
			path = libCordova.a;
			remoteRef = 301BF534109A57CC0062928A /* PBXContainerItemProxy */;
			sourceTree = BUILT_PRODUCTS_DIR;
		};
/* End PBXReferenceProxy section */

/* Begin PBXResourcesBuildPhase section */
		1D60588D0D05DD3D006BFB54 /* Resources */ = {
			isa = PBXResourcesBuildPhase;
			buildActionMask = 2147483647;
			files = (
				302D95F214D2391D003F00A1 /* MainViewController.xib in Resources */,
				0207DA581B56EA530066E2B4 /* Images.xcassets in Resources */,
			);
			runOnlyForDeploymentPostprocessing = 0;
		};
/* End PBXResourcesBuildPhase section */

/* Begin PBXShellScriptBuildPhase section */
		304B58A110DAC018002A0835 /* Copy www directory */ = {
			isa = PBXShellScriptBuildPhase;
			buildActionMask = 2147483647;
			files = (
			);
			inputPaths = (
			);
			name = "Copy www directory";
			outputPaths = (
			);
			runOnlyForDeploymentPostprocessing = 0;
			shellPath = /bin/sh;
			shellScript = "NODEJS_PATH=/usr/local/bin; NVM_NODE_PATH=~/.nvm/versions/node/`nvm version 2>/dev/null`/bin; N_NODE_PATH=`find /usr/local/n/versions/node/* -maxdepth 0 -type d 2>/dev/null | tail -1`/bin; XCODE_NODE_PATH=`xcode-select --print-path`/usr/share/xcs/Node/bin; PATH=$NODEJS_PATH:$NVM_NODE_PATH:$N_NODE_PATH:$XCODE_NODE_PATH:$PATH && node cordova/lib/copy-www-build-step.js";
			showEnvVarsInLog = 0;
		};
/* End PBXShellScriptBuildPhase section */

/* Begin PBXSourcesBuildPhase section */
		1D60588E0D05DD3D006BFB54 /* Sources */ = {
			isa = PBXSourcesBuildPhase;
			buildActionMask = 2147483647;
			files = (
				1D60589B0D05DD56006BFB54 /* main.m in Sources */,
				1D3623260D0F684500981E51 /* AppDelegate.m in Sources */,
				302D95F114D2391D003F00A1 /* MainViewController.m in Sources */,
				87681EE31C5F491598F3B549 /* CDVPluginExt.m in Sources */,
				FA6CE18DDCCA4FD195C9293E /* CDVAdMobPlugin.m in Sources */,
				9CF6E6894A314E46B7EE3432 /* AdMobMediation.m in Sources */,
				CF3F7B12D6324BC7908459CC /* CDVFile.m in Sources */,
				58A283D20C3E4051BF0028D0 /* CDVLocalFilesystem.m in Sources */,
				2DF3B4C5030744A9B855E574 /* CDVAssetLibraryFilesystem.m in Sources */,
			);
			runOnlyForDeploymentPostprocessing = 0;
		};
/* End PBXSourcesBuildPhase section */

/* Begin PBXTargetDependency section */
		301BF551109A68C00062928A /* PBXTargetDependency */ = {
			isa = PBXTargetDependency;
			name = CordovaLib;
			targetProxy = 301BF550109A68C00062928A /* PBXContainerItemProxy */;
		};
/* End PBXTargetDependency section */

/* Begin XCBuildConfiguration section */
		1D6058940D05DD3E006BFB54 /* Debug */ = {
			isa = XCBuildConfiguration;
			baseConfigurationReference = 3047A50F1AB8059700498E2A /* build-debug.xcconfig */;
			buildSettings = {
				ALWAYS_SEARCH_USER_PATHS = NO;
				ASSETCATALOG_COMPILER_APPICON_NAME = AppIcon;
				ASSETCATALOG_COMPILER_LAUNCHIMAGE_NAME = LaunchImage;
				CLANG_ENABLE_MODULES = YES;
				CLANG_ENABLE_OBJC_ARC = YES;
				CODE_SIGN_IDENTITY = "iPhone Developer";
				"CODE_SIGN_IDENTITY[sdk=iphoneos*]" = "iPhone Developer";
				COPY_PHASE_STRIP = NO;
				FRAMEWORK_SEARCH_PATHS = (
					"$(inherited)",
					"A1Grm/Plugins/cordova-admobsdk",
					"A1Grm/Plugins/cordova-plugin-admobpro",
					"$(PROJECT_DIR)",
				);
				GCC_DYNAMIC_NO_PIC = NO;
				GCC_OPTIMIZATION_LEVEL = 0;
				GCC_PRECOMPILE_PREFIX_HEADER = YES;
				GCC_PREFIX_HEADER = "A1Grm/A1Grm-Prefix.pch";
				GCC_THUMB_SUPPORT = NO;
				GCC_VERSION = "";
				INFOPLIST_FILE = "A1Grm/A1Grm-Info.plist";
				LD_RUNPATH_SEARCH_PATHS = "@executable_path/Frameworks";
				LIBRARY_SEARCH_PATHS = (
					"$(inherited)",
					"\"$(SRCROOT)/A1Grm/Plugins/cordova-plugin-extension\"",
				);
				PRODUCT_BUNDLE_IDENTIFIER = com.ionicframework.a1grm778103;
				PRODUCT_NAME = A1Grm;
				PROVISIONING_PROFILE = "";
			};
			name = Debug;
		};
		1D6058950D05DD3E006BFB54 /* Release */ = {
			isa = XCBuildConfiguration;
			baseConfigurationReference = 3047A5101AB8059700498E2A /* build-release.xcconfig */;
			buildSettings = {
				ALWAYS_SEARCH_USER_PATHS = NO;
				ASSETCATALOG_COMPILER_APPICON_NAME = AppIcon;
				ASSETCATALOG_COMPILER_LAUNCHIMAGE_NAME = LaunchImage;
				CLANG_ENABLE_MODULES = YES;
				CLANG_ENABLE_OBJC_ARC = YES;
				CODE_SIGN_IDENTITY = "iPhone Developer";
				"CODE_SIGN_IDENTITY[sdk=iphoneos*]" = "iPhone Developer";
				COPY_PHASE_STRIP = YES;
				FRAMEWORK_SEARCH_PATHS = (
					"$(inherited)",
					"A1Grm/Plugins/cordova-admobsdk",
					"A1Grm/Plugins/cordova-plugin-admobpro",
					"$(PROJECT_DIR)",
				);
				GCC_PRECOMPILE_PREFIX_HEADER = YES;
				GCC_PREFIX_HEADER = "A1Grm/A1Grm-Prefix.pch";
				GCC_THUMB_SUPPORT = NO;
				GCC_VERSION = "";
				INFOPLIST_FILE = "A1Grm/A1Grm-Info.plist";
				LIBRARY_SEARCH_PATHS = (
					"$(inherited)",
					"\"$(SRCROOT)/A1Grm/Plugins/cordova-plugin-extension\"",
				);
				PRODUCT_BUNDLE_IDENTIFIER = com.ionicframework.a1grm778103;
				PRODUCT_NAME = A1Grm;
				PROVISIONING_PROFILE = "";
			};
			name = Release;
		};
		C01FCF4F08A954540054247B /* Debug */ = {
			isa = XCBuildConfiguration;
			baseConfigurationReference = 3047A5111AB8059700498E2A /* build.xcconfig */;
			buildSettings = {
				CLANG_ENABLE_MODULES = YES;
				CLANG_ENABLE_OBJC_ARC = YES;
				CLANG_WARN_BOOL_CONVERSION = YES;
				CLANG_WARN_CONSTANT_CONVERSION = YES;
				CLANG_WARN_EMPTY_BODY = YES;
				CLANG_WARN_ENUM_CONVERSION = YES;
				CLANG_WARN_INT_CONVERSION = YES;
				CLANG_WARN__DUPLICATE_METHOD_MATCH = YES;
				ENABLE_TESTABILITY = YES;
				GCC_C_LANGUAGE_STANDARD = c99;
				GCC_THUMB_SUPPORT = NO;
				GCC_VERSION = "";
				GCC_WARN_ABOUT_RETURN_TYPE = YES;
				GCC_WARN_UNDECLARED_SELECTOR = YES;
				GCC_WARN_UNINITIALIZED_AUTOS = YES;
				GCC_WARN_UNUSED_FUNCTION = YES;
				GCC_WARN_UNUSED_VARIABLE = YES;
				ONLY_ACTIVE_ARCH = YES;
				SDKROOT = iphoneos;
				SKIP_INSTALL = NO;
			};
			name = Debug;
		};
		C01FCF5008A954540054247B /* Release */ = {
			isa = XCBuildConfiguration;
			baseConfigurationReference = 3047A5111AB8059700498E2A /* build.xcconfig */;
			buildSettings = {
				CLANG_ENABLE_MODULES = YES;
				CLANG_ENABLE_OBJC_ARC = YES;
				CLANG_WARN_BOOL_CONVERSION = YES;
				CLANG_WARN_CONSTANT_CONVERSION = YES;
				CLANG_WARN_EMPTY_BODY = YES;
				CLANG_WARN_ENUM_CONVERSION = YES;
				CLANG_WARN_INT_CONVERSION = YES;
				CLANG_WARN__DUPLICATE_METHOD_MATCH = YES;
				GCC_C_LANGUAGE_STANDARD = c99;
				GCC_THUMB_SUPPORT = NO;
				GCC_VERSION = "";
				GCC_WARN_ABOUT_RETURN_TYPE = YES;
				GCC_WARN_UNDECLARED_SELECTOR = YES;
				GCC_WARN_UNINITIALIZED_AUTOS = YES;
				GCC_WARN_UNUSED_FUNCTION = YES;
				GCC_WARN_UNUSED_VARIABLE = YES;
				SDKROOT = iphoneos;
				SKIP_INSTALL = NO;
			};
			name = Release;
		};
/* End XCBuildConfiguration section */

/* Begin XCConfigurationList section */
		1D6058960D05DD3E006BFB54 /* Build configuration list for PBXNativeTarget "A1Grm" */ = {
			isa = XCConfigurationList;
			buildConfigurations = (
				1D6058940D05DD3E006BFB54 /* Debug */,
				1D6058950D05DD3E006BFB54 /* Release */,
			);
			defaultConfigurationIsVisible = 0;
			defaultConfigurationName = Release;
		};
		C01FCF4E08A954540054247B /* Build configuration list for PBXProject "A1Grm" */ = {
			isa = XCConfigurationList;
			buildConfigurations = (
				C01FCF4F08A954540054247B /* Debug */,
				C01FCF5008A954540054247B /* Release */,
			);
			defaultConfigurationIsVisible = 0;
			defaultConfigurationName = Release;
		};
/* End XCConfigurationList section */
	};
	rootObject = 29B97313FDCFA39411CA2CEA /* Project object */;
}
